
Microsoft Visual Studio Solution File, Format Version 12.00
# Visual Studio Version 16
VisualStudioVersion = 16.0.30517.126
MinimumVisualStudioVersion = 10.0.40219.1
Project("{FAE04EC0-301F-11D3-BF4B-00C04F79EFBC}") = "DBAccess", "DBAccess\DBAccess.csproj", "{B4C8DF23-1890-4F91-873C-6040BF546F59}"
EndProject
Global
	GlobalSection(SolutionConfigurationPlatforms) = preSolution
		Debug|Any CPU = Debug|Any CPU
		Release|Any CPU = Release|Any CPU
	EndGlobalSection
	GlobalSection(ProjectConfigurationPlatforms) = postSolution
		{B4C8DF23-1890-4F91-873C-6040BF546F59}.Debug|Any CPU.ActiveCfg = Debug|Any CPU
		{B4C8DF23-1890-4F91-873C-6040BF546F59}.Debug|Any CPU.Build.0 = Debug|Any CPU
		{B4C8DF23-1890-4F91-873C-6040BF546F59}.Release|Any CPU.ActiveCfg = Release|Any CPU
		{B4C8DF23-1890-4F91-873C-6040BF546F59}.Release|Any CPU.Build.0 = Release|Any CPU
	EndGlobalSection
	GlobalSection(SolutionProperties) = preSolution
		HideSolutionNode = FALSE
	EndGlobalSection
	GlobalSection(ExtensibilityGlobals) = postSolution
		SolutionGuid = {5BE51053-EA6A-4C04-9E03-477DD9369AEE}
	EndGlobalSection
EndGlobal
